
Microsoft Visual Studio Solution File, Format Version 12.00
# Visual Studio 15
VisualStudioVersion = 15.0.28307.329
MinimumVisualStudioVersion = 10.0.40219.1
Project("{FAE04EC0-301F-11D3-BF4B-00C04F79EFBC}") = "TimetableAPI", "TimetableAPI\TimetableAPI.csproj", "{B1E29732-A03C-481E-AD38-6C13200C8E78}"
EndProject
Global
	GlobalSection(SolutionConfigurationPlatforms) = preSolution
		Debug|Any CPU = Debug|Any CPU
		Release|Any CPU = Release|Any CPU
	EndGlobalSection
	GlobalSection(ProjectConfigurationPlatforms) = postSolution
		{B1E29732-A03C-481E-AD38-6C13200C8E78}.Debug|Any CPU.ActiveCfg = Debug|Any CPU
		{B1E29732-A03C-481E-AD38-6C13200C8E78}.Debug|Any CPU.Build.0 = Debug|Any CPU
		{B1E29732-A03C-481E-AD38-6C13200C8E78}.Release|Any CPU.ActiveCfg = Release|Any CPU
		{B1E29732-A03C-481E-AD38-6C13200C8E78}.Release|Any CPU.Build.0 = Release|Any CPU
	EndGlobalSection
	GlobalSection(SolutionProperties) = preSolution
		HideSolutionNode = FALSE
	EndGlobalSection
	GlobalSection(ExtensibilityGlobals) = postSolution
		SolutionGuid = {A179EE69-6BA9-43B3-9C3E-67F1B2A7785C}
	EndGlobalSection
EndGlobal
